
Microsoft Visual Studio Solution File, Format Version 12.00
# Visual Studio Version 17
VisualStudioVersion = 17.6.33829.357
MinimumVisualStudioVersion = 10.0.40219.1
Project("{FAE04EC0-301F-11D3-BF4B-00C04F79EFBC}") = "TestConsoleApp", "TestConsoleApp.csproj", "{C3FD3FCC-28AA-4029-8FE0-C52E8959A02F}"
EndProject
Global
	GlobalSection(SolutionConfigurationPlatforms) = preSolution
		Debug|Any CPU = Debug|Any CPU
		Release|Any CPU = Release|Any CPU
	EndGlobalSection
	GlobalSection(ProjectConfigurationPlatforms) = postSolution
		{C3FD3FCC-28AA-4029-8FE0-C52E8959A02F}.Debug|Any CPU.ActiveCfg = Debug|Any CPU
		{C3FD3FCC-28AA-4029-8FE0-C52E8959A02F}.Debug|Any CPU.Build.0 = Debug|Any CPU
		{C3FD3FCC-28AA-4029-8FE0-C52E8959A02F}.Release|Any CPU.ActiveCfg = Release|Any CPU
		{C3FD3FCC-28AA-4029-8FE0-C52E8959A02F}.Release|Any CPU.Build.0 = Release|Any CPU
	EndGlobalSection
	GlobalSection(SolutionProperties) = preSolution
		HideSolutionNode = FALSE
	EndGlobalSection
	GlobalSection(ExtensibilityGlobals) = postSolution
		SolutionGuid = {773513E2-8A07-4927-BB34-36645C98EFBE}
	EndGlobalSection
EndGlobal
